
Microsoft Visual Studio Solution File, Format Version 12.00
# Visual Studio Version 17
VisualStudioVersion = 17.0.31903.59
MinimumVisualStudioVersion = 10.0.40219.1
Project("{2150E333-8FDC-42A3-9474-1A3956D46DE8}") = "Services", "Services", "{4FE9DB58-7B8C-45D5-9139-1143DA4B9A64}"
EndProject
Project("{2150E333-8FDC-42A3-9474-1A3956D46DE8}") = "Catalog", "Catalog", "{FEAAB25F-1B5D-4479-A382-E25EAC0C6F83}"
EndProject
Project("{9A19103F-16F7-4668-BE54-9A1E7A4F7556}") = "Catalog.API", "Services\Catalog\Catalog.API\Catalog.API.csproj", "{A67F0289-4327-43A1-84C6-72BB4F766A01}"
EndProject
Project("{E53339B2-1760-4266-BCC7-CA923CBCF16C}") = "docker-compose", "docker-compose.dcproj", "{43350916-1A41-4C17-A750-5DA6E46A2C93}"
EndProject
Project("{2150E333-8FDC-42A3-9474-1A3956D46DE8}") = "Basket", "Basket", "{1F441F75-8AFE-4D26-A1AD-817759A72660}"
EndProject
Project("{9A19103F-16F7-4668-BE54-9A1E7A4F7556}") = "Basket.API", "Services\Basket\Basket.API\Basket.API.csproj", "{CAA47AA2-DD60-4AC8-A1E5-52DB8D54A2F4}"
EndProject
Project("{2150E333-8FDC-42A3-9474-1A3956D46DE8}") = "Discount", "Discount", "{E7B08007-6906-48EF-A190-B4F0713AD463}"
EndProject
Project("{9A19103F-16F7-4668-BE54-9A1E7A4F7556}") = "Discount.API", "Services\Discount\Discount.API\Discount.API.csproj", "{996EF9AE-8DAF-4F9B-84B6-CE4005E00C71}"
EndProject
Project("{2150E333-8FDC-42A3-9474-1A3956D46DE8}") = "ApiGateaways", "ApiGateaways", "{1FD82EBC-842C-48C0-9CEE-83D8B863FD71}"
EndProject
Project("{9A19103F-16F7-4668-BE54-9A1E7A4F7556}") = "OcelotApiGw", "ApiGateaways\OcelotAPIGw\OcelotApiGw.csproj", "{7387E780-39D8-4FAC-ADAE-01278207174B}"
EndProject
Project("{9A19103F-16F7-4668-BE54-9A1E7A4F7556}") = "Shopping.Aggregator", "ApiGateaways\Shopping.Aggregator\Shopping.Aggregator.csproj", "{85F7643D-62A1-4E77-B741-908470D77CAB}"
EndProject
Project("{2150E333-8FDC-42A3-9474-1A3956D46DE8}") = "Ordering", "Ordering", "{D31E158E-8362-4C68-84B5-022D6D1970A7}"
EndProject
Project("{9A19103F-16F7-4668-BE54-9A1E7A4F7556}") = "Ordering.API", "Services\Ordering\Ordering.API\Ordering.API.csproj", "{2E8F7CE7-8F23-4701-A404-00B9FE26E51E}"
EndProject
Project("{9A19103F-16F7-4668-BE54-9A1E7A4F7556}") = "Ordering.Domain", "Services\Ordering\Ordering.Domain\Ordering.Domain.csproj", "{9BBDA480-B137-4B46-8A6B-F692EA532F8F}"
EndProject
Project("{9A19103F-16F7-4668-BE54-9A1E7A4F7556}") = "Ordering.Application", "Services\Ordering\Ordering.Application\Ordering.Application.csproj", "{536A33D6-D8B3-4E0F-AD3E-E60CF6739644}"
EndProject
Project("{9A19103F-16F7-4668-BE54-9A1E7A4F7556}") = "Ordering.Infrastructure", "Services\Ordering\Ordering.Infrastructure\Ordering.Infrastructure.csproj", "{21097B32-1856-4A79-9CB5-1341A79446BF}"
EndProject
Project("{9A19103F-16F7-4668-BE54-9A1E7A4F7556}") = "EventBus.Messages", "BuildingBlocks\EventBus.Messages\EventBus.Messages.csproj", "{22C74AAB-FBA1-4B1F-997B-DEDD4D80A135}"
EndProject
Project("{2150E333-8FDC-42A3-9474-1A3956D46DE8}") = "BuildingBlocks", "BuildingBlocks", "{B2EA328E-ACAC-4A16-BAC6-762647DEDC68}"
EndProject
Project("{9A19103F-16F7-4668-BE54-9A1E7A4F7556}") = "Discount.Grpc", "Services\Discount\Discount.Grpc\Discount.Grpc.csproj", "{CE5A6925-0469-4ED3-BC72-1BA3754E4BEC}"
EndProject
Project("{2150E333-8FDC-42A3-9474-1A3956D46DE8}") = "Identity", "Identity", "{E889A54D-755C-4323-B066-84B904D05DAC}"
EndProject
Project("{2150E333-8FDC-42A3-9474-1A3956D46DE8}") = "WebClient", "WebClient", "{FA7A80FF-C8CE-4A0F-ABFD-0973D9DE2B23}"
EndProject
Project("{9A19103F-16F7-4668-BE54-9A1E7A4F7556}") = "Client", "Client\Client.csproj", "{B928A55D-60B8-4C65-956E-5B745C3B2610}"
EndProject
Project("{9A19103F-16F7-4668-BE54-9A1E7A4F7556}") = "Server", "Server\Server.csproj", "{CDE3C4BF-C626-482B-A856-53BDA3DFA366}"
EndProject
Global
	GlobalSection(SolutionConfigurationPlatforms) = preSolution
		Debug|Any CPU = Debug|Any CPU
		Release|Any CPU = Release|Any CPU
	EndGlobalSection
	GlobalSection(ProjectConfigurationPlatforms) = postSolution
		{A67F0289-4327-43A1-84C6-72BB4F766A01}.Debug|Any CPU.ActiveCfg = Debug|Any CPU
		{A67F0289-4327-43A1-84C6-72BB4F766A01}.Debug|Any CPU.Build.0 = Debug|Any CPU
		{A67F0289-4327-43A1-84C6-72BB4F766A01}.Release|Any CPU.ActiveCfg = Release|Any CPU
		{A67F0289-4327-43A1-84C6-72BB4F766A01}.Release|Any CPU.Build.0 = Release|Any CPU
		{43350916-1A41-4C17-A750-5DA6E46A2C93}.Debug|Any CPU.ActiveCfg = Debug|Any CPU
		{43350916-1A41-4C17-A750-5DA6E46A2C93}.Debug|Any CPU.Build.0 = Debug|Any CPU
		{43350916-1A41-4C17-A750-5DA6E46A2C93}.Release|Any CPU.ActiveCfg = Release|Any CPU
		{43350916-1A41-4C17-A750-5DA6E46A2C93}.Release|Any CPU.Build.0 = Release|Any CPU
		{CAA47AA2-DD60-4AC8-A1E5-52DB8D54A2F4}.Debug|Any CPU.ActiveCfg = Debug|Any CPU
		{CAA47AA2-DD60-4AC8-A1E5-52DB8D54A2F4}.Debug|Any CPU.Build.0 = Debug|Any CPU
		{CAA47AA2-DD60-4AC8-A1E5-52DB8D54A2F4}.Release|Any CPU.ActiveCfg = Release|Any CPU
		{CAA47AA2-DD60-4AC8-A1E5-52DB8D54A2F4}.Release|Any CPU.Build.0 = Release|Any CPU
		{996EF9AE-8DAF-4F9B-84B6-CE4005E00C71}.Debug|Any CPU.ActiveCfg = Debug|Any CPU
		{996EF9AE-8DAF-4F9B-84B6-CE4005E00C71}.Debug|Any CPU.Build.0 = Debug|Any CPU
		{996EF9AE-8DAF-4F9B-84B6-CE4005E00C71}.Release|Any CPU.ActiveCfg = Release|Any CPU
		{996EF9AE-8DAF-4F9B-84B6-CE4005E00C71}.Release|Any CPU.Build.0 = Release|Any CPU
		{7387E780-39D8-4FAC-ADAE-01278207174B}.Debug|Any CPU.ActiveCfg = Debug|Any CPU
		{7387E780-39D8-4FAC-ADAE-01278207174B}.Debug|Any CPU.Build.0 = Debug|Any CPU
		{7387E780-39D8-4FAC-ADAE-01278207174B}.Release|Any CPU.ActiveCfg = Release|Any CPU
		{7387E780-39D8-4FAC-ADAE-01278207174B}.Release|Any CPU.Build.0 = Release|Any CPU
		{85F7643D-62A1-4E77-B741-908470D77CAB}.Debug|Any CPU.ActiveCfg = Debug|Any CPU
		{85F7643D-62A1-4E77-B741-908470D77CAB}.Debug|Any CPU.Build.0 = Debug|Any CPU
		{85F7643D-62A1-4E77-B741-908470D77CAB}.Release|Any CPU.ActiveCfg = Release|Any CPU
		{85F7643D-62A1-4E77-B741-908470D77CAB}.Release|Any CPU.Build.0 = Release|Any CPU
		{2E8F7CE7-8F23-4701-A404-00B9FE26E51E}.Debug|Any CPU.ActiveCfg = Debug|Any CPU
		{2E8F7CE7-8F23-4701-A404-00B9FE26E51E}.Debug|Any CPU.Build.0 = Debug|Any CPU
		{2E8F7CE7-8F23-4701-A404-00B9FE26E51E}.Release|Any CPU.ActiveCfg = Release|Any CPU
		{2E8F7CE7-8F23-4701-A404-00B9FE26E51E}.Release|Any CPU.Build.0 = Release|Any CPU
		{9BBDA480-B137-4B46-8A6B-F692EA532F8F}.Debug|Any CPU.ActiveCfg = Debug|Any CPU
		{9BBDA480-B137-4B46-8A6B-F692EA532F8F}.Debug|Any CPU.Build.0 = Debug|Any CPU
		{9BBDA480-B137-4B46-8A6B-F692EA532F8F}.Release|Any CPU.ActiveCfg = Release|Any CPU
		{9BBDA480-B137-4B46-8A6B-F692EA532F8F}.Release|Any CPU.Build.0 = Release|Any CPU
		{536A33D6-D8B3-4E0F-AD3E-E60CF6739644}.Debug|Any CPU.ActiveCfg = Debug|Any CPU
		{536A33D6-D8B3-4E0F-AD3E-E60CF6739644}.Debug|Any CPU.Build.0 = Debug|Any CPU
		{536A33D6-D8B3-4E0F-AD3E-E60CF6739644}.Release|Any CPU.ActiveCfg = Release|Any CPU
		{536A33D6-D8B3-4E0F-AD3E-E60CF6739644}.Release|Any CPU.Build.0 = Release|Any CPU
		{21097B32-1856-4A79-9CB5-1341A79446BF}.Debug|Any CPU.ActiveCfg = Debug|Any CPU
		{21097B32-1856-4A79-9CB5-1341A79446BF}.Debug|Any CPU.Build.0 = Debug|Any CPU
		{21097B32-1856-4A79-9CB5-1341A79446BF}.Release|Any CPU.ActiveCfg = Release|Any CPU
		{21097B32-1856-4A79-9CB5-1341A79446BF}.Release|Any CPU.Build.0 = Release|Any CPU
		{22C74AAB-FBA1-4B1F-997B-DEDD4D80A135}.Debug|Any CPU.ActiveCfg = Debug|Any CPU
		{22C74AAB-FBA1-4B1F-997B-DEDD4D80A135}.Debug|Any CPU.Build.0 = Debug|Any CPU
		{22C74AAB-FBA1-4B1F-997B-DEDD4D80A135}.Release|Any CPU.ActiveCfg = Release|Any CPU
		{22C74AAB-FBA1-4B1F-997B-DEDD4D80A135}.Release|Any CPU.Build.0 = Release|Any CPU
		{CE5A6925-0469-4ED3-BC72-1BA3754E4BEC}.Debug|Any CPU.ActiveCfg = Debug|Any CPU
		{CE5A6925-0469-4ED3-BC72-1BA3754E4BEC}.Debug|Any CPU.Build.0 = Debug|Any CPU
		{CE5A6925-0469-4ED3-BC72-1BA3754E4BEC}.Release|Any CPU.ActiveCfg = Release|Any CPU
		{CE5A6925-0469-4ED3-BC72-1BA3754E4BEC}.Release|Any CPU.Build.0 = Release|Any CPU
		{B928A55D-60B8-4C65-956E-5B745C3B2610}.Debug|Any CPU.ActiveCfg = Debug|Any CPU
		{B928A55D-60B8-4C65-956E-5B745C3B2610}.Debug|Any CPU.Build.0 = Debug|Any CPU
		{B928A55D-60B8-4C65-956E-5B745C3B2610}.Release|Any CPU.ActiveCfg = Release|Any CPU
		{B928A55D-60B8-4C65-956E-5B745C3B2610}.Release|Any CPU.Build.0 = Release|Any CPU
		{CDE3C4BF-C626-482B-A856-53BDA3DFA366}.Debug|Any CPU.ActiveCfg = Debug|Any CPU
		{CDE3C4BF-C626-482B-A856-53BDA3DFA366}.Debug|Any CPU.Build.0 = Debug|Any CPU
		{CDE3C4BF-C626-482B-A856-53BDA3DFA366}.Release|Any CPU.ActiveCfg = Release|Any CPU
		{CDE3C4BF-C626-482B-A856-53BDA3DFA366}.Release|Any CPU.Build.0 = Release|Any CPU
	EndGlobalSection
	GlobalSection(SolutionProperties) = preSolution
		HideSolutionNode = FALSE
	EndGlobalSection
	GlobalSection(NestedProjects) = preSolution
		{FEAAB25F-1B5D-4479-A382-E25EAC0C6F83} = {4FE9DB58-7B8C-45D5-9139-1143DA4B9A64}
		{A67F0289-4327-43A1-84C6-72BB4F766A01} = {FEAAB25F-1B5D-4479-A382-E25EAC0C6F83}
		{1F441F75-8AFE-4D26-A1AD-817759A72660} = {4FE9DB58-7B8C-45D5-9139-1143DA4B9A64}
		{CAA47AA2-DD60-4AC8-A1E5-52DB8D54A2F4} = {1F441F75-8AFE-4D26-A1AD-817759A72660}
		{E7B08007-6906-48EF-A190-B4F0713AD463} = {4FE9DB58-7B8C-45D5-9139-1143DA4B9A64}
		{996EF9AE-8DAF-4F9B-84B6-CE4005E00C71} = {E7B08007-6906-48EF-A190-B4F0713AD463}
		{7387E780-39D8-4FAC-ADAE-01278207174B} = {1FD82EBC-842C-48C0-9CEE-83D8B863FD71}
		{85F7643D-62A1-4E77-B741-908470D77CAB} = {1FD82EBC-842C-48C0-9CEE-83D8B863FD71}
		{D31E158E-8362-4C68-84B5-022D6D1970A7} = {4FE9DB58-7B8C-45D5-9139-1143DA4B9A64}
		{2E8F7CE7-8F23-4701-A404-00B9FE26E51E} = {D31E158E-8362-4C68-84B5-022D6D1970A7}
		{9BBDA480-B137-4B46-8A6B-F692EA532F8F} = {D31E158E-8362-4C68-84B5-022D6D1970A7}
		{536A33D6-D8B3-4E0F-AD3E-E60CF6739644} = {D31E158E-8362-4C68-84B5-022D6D1970A7}
		{21097B32-1856-4A79-9CB5-1341A79446BF} = {D31E158E-8362-4C68-84B5-022D6D1970A7}
		{22C74AAB-FBA1-4B1F-997B-DEDD4D80A135} = {B2EA328E-ACAC-4A16-BAC6-762647DEDC68}
		{CE5A6925-0469-4ED3-BC72-1BA3754E4BEC} = {E7B08007-6906-48EF-A190-B4F0713AD463}
		{B928A55D-60B8-4C65-956E-5B745C3B2610} = {FA7A80FF-C8CE-4A0F-ABFD-0973D9DE2B23}
		{CDE3C4BF-C626-482B-A856-53BDA3DFA366} = {E889A54D-755C-4323-B066-84B904D05DAC}
	EndGlobalSection
	GlobalSection(ExtensibilityGlobals) = postSolution
		SolutionGuid = {DEBB9FD8-77EF-4CBD-8D3D-7629CA2F61C4}
	EndGlobalSection
EndGlobal
